
Microsoft Visual Studio Solution File, Format Version 12.00
# Visual Studio 14
VisualStudioVersion = 14.0.25420.1
MinimumVisualStudioVersion = 10.0.40219.1
Project("{FAE04EC0-301F-11D3-BF4B-00C04F79EFBC}") = "Plon.SampleApp", "Plon.SampleApp\Plon.SampleApp.csproj", "{E0FA1417-C552-4A70-A3CD-703EE1554A38}"
EndProject
Project("{FAE04EC0-301F-11D3-BF4B-00C04F79EFBC}") = "Plon.Core", "Plon.Core\Plon.Core.csproj", "{9B12BA89-0478-4A21-B5D4-C4276D0DE718}"
EndProject
Project("{F2A71F9B-5D33-465A-A702-920D77279786}") = "Plon.Serialization", "Plon.Serialization\Plon.Serialization.fsproj", "{CC5BB72B-1936-4C8A-A59F-EF286C2058C7}"
EndProject
Project("{F2A71F9B-5D33-465A-A702-920D77279786}") = "Plon.Serialization.Tests", "Plon.Serialization.Tests\Plon.Serialization.Tests.fsproj", "{40137398-0208-4987-95E6-A24A0BD5D18B}"
EndProject
Global
	GlobalSection(SolutionConfigurationPlatforms) = preSolution
		Debug|Any CPU = Debug|Any CPU
		Release|Any CPU = Release|Any CPU
	EndGlobalSection
	GlobalSection(ProjectConfigurationPlatforms) = postSolution
		{E0FA1417-C552-4A70-A3CD-703EE1554A38}.Debug|Any CPU.ActiveCfg = Debug|Any CPU
		{E0FA1417-C552-4A70-A3CD-703EE1554A38}.Debug|Any CPU.Build.0 = Debug|Any CPU
		{E0FA1417-C552-4A70-A3CD-703EE1554A38}.Release|Any CPU.ActiveCfg = Release|Any CPU
		{E0FA1417-C552-4A70-A3CD-703EE1554A38}.Release|Any CPU.Build.0 = Release|Any CPU
		{9B12BA89-0478-4A21-B5D4-C4276D0DE718}.Debug|Any CPU.ActiveCfg = Debug|Any CPU
		{9B12BA89-0478-4A21-B5D4-C4276D0DE718}.Debug|Any CPU.Build.0 = Debug|Any CPU
		{9B12BA89-0478-4A21-B5D4-C4276D0DE718}.Release|Any CPU.ActiveCfg = Release|Any CPU
		{9B12BA89-0478-4A21-B5D4-C4276D0DE718}.Release|Any CPU.Build.0 = Release|Any CPU
		{CC5BB72B-1936-4C8A-A59F-EF286C2058C7}.Debug|Any CPU.ActiveCfg = Debug|Any CPU
		{CC5BB72B-1936-4C8A-A59F-EF286C2058C7}.Debug|Any CPU.Build.0 = Debug|Any CPU
		{CC5BB72B-1936-4C8A-A59F-EF286C2058C7}.Release|Any CPU.ActiveCfg = Release|Any CPU
		{CC5BB72B-1936-4C8A-A59F-EF286C2058C7}.Release|Any CPU.Build.0 = Release|Any CPU
		{40137398-0208-4987-95E6-A24A0BD5D18B}.Debug|Any CPU.ActiveCfg = Debug|Any CPU
		{40137398-0208-4987-95E6-A24A0BD5D18B}.Debug|Any CPU.Build.0 = Debug|Any CPU
		{40137398-0208-4987-95E6-A24A0BD5D18B}.Release|Any CPU.ActiveCfg = Release|Any CPU
		{40137398-0208-4987-95E6-A24A0BD5D18B}.Release|Any CPU.Build.0 = Release|Any CPU
	EndGlobalSection
	GlobalSection(SolutionProperties) = preSolution
		HideSolutionNode = FALSE
	EndGlobalSection
EndGlobal
